
Microsoft Visual Studio Solution File, Format Version 12.00
# Visual Studio Version 17
VisualStudioVersion = 17.11.35219.272
MinimumVisualStudioVersion = 10.0.40219.1
Project("{FAE04EC0-301F-11D3-BF4B-00C04F79EFBC}") = "Calculator", "Calculator\Calculator.csproj", "{47A17ECE-1638-4513-8206-A1F3AE4E6F60}"
EndProject
Global
	GlobalSection(SolutionConfigurationPlatforms) = preSolution
		Debug|Any CPU = Debug|Any CPU
		Release|Any CPU = Release|Any CPU
	EndGlobalSection
	GlobalSection(ProjectConfigurationPlatforms) = postSolution
		{47A17ECE-1638-4513-8206-A1F3AE4E6F60}.Debug|Any CPU.ActiveCfg = Debug|Any CPU
		{47A17ECE-1638-4513-8206-A1F3AE4E6F60}.Debug|Any CPU.Build.0 = Debug|Any CPU
		{47A17ECE-1638-4513-8206-A1F3AE4E6F60}.Release|Any CPU.ActiveCfg = Release|Any CPU
		{47A17ECE-1638-4513-8206-A1F3AE4E6F60}.Release|Any CPU.Build.0 = Release|Any CPU
	EndGlobalSection
	GlobalSection(SolutionProperties) = preSolution
		HideSolutionNode = FALSE
	EndGlobalSection
	GlobalSection(ExtensibilityGlobals) = postSolution
		SolutionGuid = {4B79B5A0-13B8-4B3D-9C6E-3497F75CBA96}
	EndGlobalSection
EndGlobal
